name: Update Nix flake lock

on:
  workflow_dispatch:
  schedule:
    - cron: "0 8 * * 0"

concurrency:
  group: update-flake-lock-${{ github.ref }}
  cancel-in-progress: true

permissions:
  contents: write
  issues: write
  pull-requests: write

jobs:
  update-flake-lock:
    name: Update flake.lock
    runs-on: ubuntu-latest
    steps:
      - name: Checkout repository
        timeout-minutes: 5
        uses: actions/checkout@df4cb1c069e1874edd31b4311f1884172cec0e10 # v6
        with:
          ref: prime
          persist-credentials: false

      - name: Install Nix
        timeout-minutes: 5
        uses: cachix/install-nix-action@4e002c8ec80594ecd40e759629461e26c8abed15 # v31.9.0
        with:
          extra_nix_config: |
            access-tokens = github.com=${{ secrets.GITHUB_TOKEN }}

      - name: Update flake.lock
        id: update
        uses: DeterminateSystems/update-flake-lock@b83e0671a67dfd774680fb1beaa1497ef7e58bfc
        with:
          token: ${{ secrets.GH_TOKEN_FOR_UPDATES || github.token }}
          base: prime
          branch: detsys-update-flake-lock
          commit-msg: "build(flake.lock): update inputs"
          pr-title: "build(flake.lock): update inputs"
